
Microsoft Visual Studio Solution File, Format Version 12.00
# Visual Studio Version 18
VisualStudioVersion = 18.3.11520.95 d18.3
MinimumVisualStudioVersion = 10.0.40219.1
Project("{FAE04EC0-301F-11D3-BF4B-00C04F79EFBC}") = "IngSoftValdezAlegre", "IngSoftValdezAlegre\IngSoftValdezAlegre.csproj", "{2F1AEE91-F459-4DC7-9288-4C72E02E14CA}"
EndProject
Project("{FAE04EC0-301F-11D3-BF4B-00C04F79EFBC}") = "BLL", "BLL\BLL.csproj", "{5D65DCD4-A37F-4A64-90AD-0D146D9C9CE7}"
EndProject
Project("{FAE04EC0-301F-11D3-BF4B-00C04F79EFBC}") = "BE", "BE\BE.csproj", "{B2D14455-F2EC-4381-B7FE-A9E5496F593C}"
EndProject
Project("{FAE04EC0-301F-11D3-BF4B-00C04F79EFBC}") = "DAL", "DAL\DAL.csproj", "{587D07D4-43B3-47BD-ABB8-644A8A853501}"
EndProject
Project("{FAE04EC0-301F-11D3-BF4B-00C04F79EFBC}") = "MPP", "MPP\MPP.csproj", "{D1A2E3FD-8297-40EC-9A1F-B7F5C9A59317}"
EndProject
Project("{FAE04EC0-301F-11D3-BF4B-00C04F79EFBC}") = "SER", "SER\SER.csproj", "{82B0C5F6-0E96-4E40-ACC9-7847E8196EEB}"
EndProject
Global
	GlobalSection(SolutionConfigurationPlatforms) = preSolution
		Debug|Any CPU = Debug|Any CPU
		Release|Any CPU = Release|Any CPU
	EndGlobalSection
	GlobalSection(ProjectConfigurationPlatforms) = postSolution
		{2F1AEE91-F459-4DC7-9288-4C72E02E14CA}.Debug|Any CPU.ActiveCfg = Debug|Any CPU
		{2F1AEE91-F459-4DC7-9288-4C72E02E14CA}.Debug|Any CPU.Build.0 = Debug|Any CPU
		{2F1AEE91-F459-4DC7-9288-4C72E02E14CA}.Release|Any CPU.ActiveCfg = Release|Any CPU
		{2F1AEE91-F459-4DC7-9288-4C72E02E14CA}.Release|Any CPU.Build.0 = Release|Any CPU
		{5D65DCD4-A37F-4A64-90AD-0D146D9C9CE7}.Debug|Any CPU.ActiveCfg = Debug|Any CPU
		{5D65DCD4-A37F-4A64-90AD-0D146D9C9CE7}.Debug|Any CPU.Build.0 = Debug|Any CPU
		{5D65DCD4-A37F-4A64-90AD-0D146D9C9CE7}.Release|Any CPU.ActiveCfg = Release|Any CPU
		{5D65DCD4-A37F-4A64-90AD-0D146D9C9CE7}.Release|Any CPU.Build.0 = Release|Any CPU
		{B2D14455-F2EC-4381-B7FE-A9E5496F593C}.Debug|Any CPU.ActiveCfg = Debug|Any CPU
		{B2D14455-F2EC-4381-B7FE-A9E5496F593C}.Debug|Any CPU.Build.0 = Debug|Any CPU
		{B2D14455-F2EC-4381-B7FE-A9E5496F593C}.Release|Any CPU.ActiveCfg = Release|Any CPU
		{B2D14455-F2EC-4381-B7FE-A9E5496F593C}.Release|Any CPU.Build.0 = Release|Any CPU
		{587D07D4-43B3-47BD-ABB8-644A8A853501}.Debug|Any CPU.ActiveCfg = Debug|Any CPU
		{587D07D4-43B3-47BD-ABB8-644A8A853501}.Debug|Any CPU.Build.0 = Debug|Any CPU
		{587D07D4-43B3-47BD-ABB8-644A8A853501}.Release|Any CPU.ActiveCfg = Release|Any CPU
		{587D07D4-43B3-47BD-ABB8-644A8A853501}.Release|Any CPU.Build.0 = Release|Any CPU
		{D1A2E3FD-8297-40EC-9A1F-B7F5C9A59317}.Debug|Any CPU.ActiveCfg = Debug|Any CPU
		{D1A2E3FD-8297-40EC-9A1F-B7F5C9A59317}.Debug|Any CPU.Build.0 = Debug|Any CPU
		{D1A2E3FD-8297-40EC-9A1F-B7F5C9A59317}.Release|Any CPU.ActiveCfg = Release|Any CPU
		{D1A2E3FD-8297-40EC-9A1F-B7F5C9A59317}.Release|Any CPU.Build.0 = Release|Any CPU
		{82B0C5F6-0E96-4E40-ACC9-7847E8196EEB}.Debug|Any CPU.ActiveCfg = Debug|Any CPU
		{82B0C5F6-0E96-4E40-ACC9-7847E8196EEB}.Debug|Any CPU.Build.0 = Debug|Any CPU
		{82B0C5F6-0E96-4E40-ACC9-7847E8196EEB}.Release|Any CPU.ActiveCfg = Release|Any CPU
		{82B0C5F6-0E96-4E40-ACC9-7847E8196EEB}.Release|Any CPU.Build.0 = Release|Any CPU
	EndGlobalSection
	GlobalSection(SolutionProperties) = preSolution
		HideSolutionNode = FALSE
	EndGlobalSection
	GlobalSection(ExtensibilityGlobals) = postSolution
		SolutionGuid = {AF033925-D714-4C7B-88B7-AD1AAF5B359B}
	EndGlobalSection
EndGlobal
